{
  "originHash" : "c5cc6ec7fc2987ae4eff3b8828b5b1c73e38b7b01b36d9623a276398c3d7a710",
  "pins" : [
    {
      "identity" : "alamofire",
      "kind" : "remoteSourceControl",
      "location" : "https://github.com/Alamofire/Alamofire.git",
      "state" : {
        "revision" : "513364f870f6bfc468f9d2ff0a95caccc10044c5",
        "version" : "5.10.2"
      }
    },
    {
      "identity" : "cleanjson",
      "kind" : "remoteSourceControl",
      "location" : "https://github.com/Pircate/CleanJSON.git",
      "state" : {
        "revision" : "6e2f211578880c9181dbd29b3b96ca507e40e307",
        "version" : "1.0.9"
      }
    },
    {
      "identity" : "rxswift",
      "kind" : "remoteSourceControl",
      "location" : "https://github.com/ReactiveX/RxSwift.git",
      "state" : {
        "revision" : "5dd1907d64f0d36f158f61a466bab75067224893",
        "version" : "6.9.0"
      }
    },
    {
      "identity" : "sqlcipher",
      "kind" : "remoteSourceControl",
      "location" : "https://github.com/Tencent/sqlcipher",
      "state" : {
        "revision" : "5d8825c22feedb421ad6f9ecfc1399460e10d299",
        "version" : "1.4.7"
      }
    },
    {
      "identity" : "wcdb",
      "kind" : "remoteSourceControl",
      "location" : "https://github.com/Tencent/wcdb.git",
      "state" : {
        "revision" : "e94739e679decad8f99177d2fa5882e4a2409454",
        "version" : "2.1.13"
      }
    }
  ],
  "version" : 3
}
