PODS:
  - Alamofire (4.9.1)
  - CleanJSON (1.0.6)
  - JNFoundation (0.2.1):
    - CleanJSON
    - RxCocoa
    - RxSwift
    - WCDB.swift
  - RxCocoa (5.1.1):
    - RxRelay (~> 5)
    - RxSwift (~> 5)
  - RxRelay (5.1.1):
    - RxSwift (~> 5)
  - RxSwift (5.1.1)
  - SnapKit (5.0.1)
  - WCDB.swift (2.1.13):
    - WCDBOptimizedSQLCipher (= 1.4.7)
  - WCDBOptimizedSQLCipher (1.4.7)

DEPENDENCIES:
  - Alamofire (= 4.9.1)
  - CleanJSON (= 1.0.6)
  - JNFoundation (from `./`)
  - RxCocoa (= 5.1.1)
  - RxSwift (= 5.1.1)
  - SnapKit (= 5.0.1)
  - WCDB.swift (= 2.1.13)

SPEC REPOS:
  trunk:
    - Alamofire
    - CleanJSON
    - RxCocoa
    - RxRelay
    - RxSwift
    - SnapKit
    - WCDB.swift
    - WCDBOptimizedSQLCipher

EXTERNAL SOURCES:
  JNFoundation:
    :path: "./"

SPEC CHECKSUMS:
  Alamofire: 85e8a02c69d6020a0d734f6054870d7ecb75cf18
  CleanJSON: fd25726a3f337077a93a006e55c85329662090e2
  JNFoundation: 8f804f3c69fec6e3b6a0fea4bbd61d93ac9adb8f
  RxCocoa: 32065309a38d29b5b0db858819b5bf9ef038b601
  RxRelay: d77f7d771495f43c556cbc43eebd1bb54d01e8e9
  RxSwift: 81470a2074fa8780320ea5fe4102807cb7118178
  SnapKit: 97b92857e3df3a0c71833cce143274bf6ef8e5eb
  WCDB.swift: 833dbd834cc0075628df454d17dd2902ebd7e8a7
  WCDBOptimizedSQLCipher: 9bceac087eff9625b151838d3a30364f53f71ad9

PODFILE CHECKSUM: f21dc8f6c603b5c7a010e0a8475fcae9b324d72c

COCOAPODS: 1.16.2
